version = 1
revision = 3
requires-python = ">=3.12"

[[package]]
name = "rust-json-parser"
version = "0.1.0"
source = { editable = "." }
dependencies = [
    { name = "simplejson" },
]

[package.metadata]
requires-dist = [{ name = "simplejson", specifier = ">=3.19.0" }]

[[package]]
name = "simplejson"
version = "4.0.1"
source = { registry = "https://pypi.org/simple" }
sdist = { url = "https://files.pythonhosted.org/packages/14/91/b0e7a38d63706dde006d1213f9c394ad7702df841c019fb4cf0e3295c58c/simplejson-4.0.1.tar.gz", hash = "sha256:bc13170567a5c856a0e6c16620c0b0388722f7d6382acd8007857624c3dedf3e", size = 115959, upload-time = "2026-04-18T22:46:17.544Z" }
wheels = [
    { url = "https://files.pythonhosted.org/packages/ca/21/03ec9b2cceff7966637bd7c96aa4f4df7d59edf4f481fcd76ada5d883f20/simplejson-4.0.1-cp312-cp312-macosx_10_13_universal2.whl", hash = "sha256:5be5c2b2ea9e81528b3622f8fd486da04e80e983829f2e69a7acb94302792ef2", size = 110113, upload-time = "2026-04-18T22:44:40.74Z" },
    { url = "https://files.pythonhosted.org/packages/a5/41/77b6f4301566206998ba1911ec334cbe3c574fa5095f846ea99e50e81242/simplejson-4.0.1-cp312-cp312-macosx_10_13_x86_64.whl", hash = "sha256:aef5610bbbdffc24820daba4f4c7dd1e52bf0f4e016e2860484b562bb964dde5", size = 89804, upload-time = "2026-04-18T22:44:42.289Z" },
    { url = "https://files.pythonhosted.org/packages/8f/48/859d3d12a5f2d6acd1ef1ce75bdd8d25758d63d47223e66eccf3b02461e6/simplejson-4.0.1-cp312-cp312-macosx_11_0_arm64.whl", hash = "sha256:82b34e268f1c7acb9d1bed942b376cd01c418cee9bf05a207ac962c6ce28d29a", size = 90103, upload-time = "2026-04-18T22:44:43.446Z" },
    { url = "https://files.pythonhosted.org/packages/12/17/5135ac3005d2db660182117053d63b97d4ae841efbf77c02ad3aa8b36e3d/simplejson-4.0.1-cp312-cp312-manylinux1_x86_64.manylinux_2_28_x86_64.manylinux_2_5_x86_64.whl", hash = "sha256:905d03e5336b20c6d8ac2a648cb178259807836fb5c8a1ee091ca4601962ec47", size = 183967, upload-time = "2026-04-18T22:44:44.61Z" },
    { url = "https://files.pythonhosted.org/packages/e7/e4/3f61fc83ca56256b581c2c55331ba4a51fc50e28d0153f40baebfeb9b90c/simplejson-4.0.1-cp312-cp312-manylinux2014_aarch64.manylinux_2_17_aarch64.manylinux_2_28_aarch64.whl", hash = "sha256:95c6a6e1f66b6fda46fb9f44809911a90715f05f6df1c6d6db941a8ad2872c35", size = 181209, upload-time = "2026-04-18T22:44:45.899Z" },
    { url = "https://files.pythonhosted.org/packages/3d/26/809a1ed84241a96868fd3915aad173c7e983acb0f7896b7a895635ab1577/simplejson-4.0.1-cp312-cp312-manylinux2014_ppc64le.manylinux_2_17_ppc64le.manylinux_2_28_ppc64le.whl", hash = "sha256:99f12a0d959d7103403e4774189b562f8b1e0529a41561248e2a3c25b6c80797", size = 189815, upload-time = "2026-04-18T22:44:47.175Z" },
    { url = "https://files.pythonhosted.org/packages/08/29/c157b85210df6e286f0f52f8683040d49e654ed51d30126f9eea0f669725/simplejson-4.0.1-cp312-cp312-musllinux_1_2_aarch64.whl", hash = "sha256:d5deb4b6c77a02c2e2267135c5afd0d4a9acd3c83c3f73674816d2377b475630", size = 177993, upload-time = "2026-04-18T22:44:48.771Z" },
    { url = "https://files.pythonhosted.org/packages/7e/f5/b8259ecfad5b717199a9ed1c01c54dff0d858934e226dbb6013bfe4a4995/simplejson-4.0.1-cp312-cp312-musllinux_1_2_ppc64le.whl", hash = "sha256:c95f7c5c53c3e62bde8c452f41d6795f541e5dc951926275771ff7f2bbae0511", size = 186796, upload-time = "2026-04-18T22:44:50.181Z" },
    { url = "https://files.pythonhosted.org/packages/78/ee/d3dcfaf22d9eb620f8840390a655c22c858e9c2c75073883d7090e9ccf78/simplejson-4.0.1-cp312-cp312-musllinux_1_2_x86_64.whl", hash = "sha256:0f057dd469501aff95bb438fc9593d0c2f353dba83f00c0a3db6447ad79f5728", size = 181521, upload-time = "2026-04-18T22:44:51.413Z" },
    { url = "https://files.pythonhosted.org/packages/24/ed/6f13edaff9106e657aab61320e1adceccbd30f50afd877e99d0de292bc48/simplejson-4.0.1-cp312-cp312-win32.whl", hash = "sha256:cc962d5029509f2170ef40e5e7db4df87f71208a931aca6e8bdc0c76e1ff2b3a", size = 88003, upload-time = "2026-04-18T22:44:53.045Z" },
    { url = "https://files.pythonhosted.org/packages/d1/7d/1eebe8ef0682da987d637606aa2eaae0e211010a6fce21abd2c680cf65a6/simplejson-4.0.1-cp312-cp312-win_amd64.whl", hash = "sha256:d2031d87911379c7a778e5f902eeffc161355c9137c695dd12dc219456e976e9", size = 90055, upload-time = "2026-04-18T22:44:54.491Z" },
    { url = "https://files.pythonhosted.org/packages/ed/94/afe6285b3b39208473ab9056039cf20cac393d1a7942f644ecb7d424463b/simplejson-4.0.1-cp313-cp313-macosx_10_13_universal2.whl", hash = "sha256:f934a918ef7a50698a481e18aa713d3075f94d1402a6d293f755d00118f8a975", size = 110975, upload-time = "2026-04-18T22:44:55.995Z" },
    { url = "https://files.pythonhosted.org/packages/9a/45/2c74fdb851af00c18ae11af978e7191972071e26ffe2f5aaccbd0a96e961/simplejson-4.0.1-cp313-cp313-macosx_10_13_x86_64.whl", hash = "sha256:a2b0211da4be9fcbabe11ff9b65f7e06dd8205197b078fe7f1e9cc268cd0e369", size = 90384, upload-time = "2026-04-18T22:44:57.194Z" },
    { url = "https://files.pythonhosted.org/packages/92/af/f457958ef90935e99e1bdf51c16b2a0448726a4db2881d472d22f0259290/simplejson-4.0.1-cp313-cp313-macosx_11_0_arm64.whl", hash = "sha256:58c125ee57f2a35081c46ca66d76ee3c109394f4aee0d981cb049c5ee5688e62", size = 90387, upload-time = "2026-04-18T22:44:58.663Z" },
    { url = "https://files.pythonhosted.org/packages/43/58/da3da211a3b91ff0f8b9a3926e3b97b9224cbb94e4a67b998394c0e984a3/simplejson-4.0.1-cp313-cp313-manylinux1_x86_64.manylinux_2_28_x86_64.manylinux_2_5_x86_64.whl", hash = "sha256:24ca278f0ba7b3aff90ed1f873f5f4192ae1da97de72196b4be021f3b1d407a0", size = 186193, upload-time = "2026-04-18T22:45:00.108Z" },
    { url = "https://files.pythonhosted.org/packages/69/ff/5757f7eddea36d55593423c5da72cdb1ffd2ae7755d804da08f598cf277a/simplejson-4.0.1-cp313-cp313-manylinux2014_aarch64.manylinux_2_17_aarch64.manylinux_2_28_aarch64.whl", hash = "sha256:25a6b3d15ab9c8247f7e0a280b2823eff08bd74e7605701c01d7cd54e80a86ed", size = 183647, upload-time = "2026-04-18T22:45:01.484Z" },
    { url = "https://files.pythonhosted.org/packages/1e/27/eb59ff58a78e57db4120e10bc6b7d6409f9c25180b912593c2cfe5637b5c/simplejson-4.0.1-cp313-cp313-manylinux2014_ppc64le.manylinux_2_17_ppc64le.manylinux_2_28_ppc64le.whl", hash = "sha256:534a7d90b86a97cf15ebe42d732c41223612d981d08f226025499177692a977d", size = 191880, upload-time = "2026-04-18T22:45:03.067Z" },
    { url = "https://files.pythonhosted.org/packages/1b/e6/0650672c0b43b9add2c2e5f13f5b2d3770b23bc10688dfe4ea637ef1a4b4/simplejson-4.0.1-cp313-cp313-musllinux_1_2_aarch64.whl", hash = "sha256:e2b10899f200b675a8ab0e2abd4c4846d2631d90d226fc3079e8b16073aba31d", size = 180312, upload-time = "2026-04-18T22:45:04.51Z" },
    { url = "https://files.pythonhosted.org/packages/00/b9/4a4042c8f24bb53ca03a2d5d794aeefa78965df1213239cf9fe895b40342/simplejson-4.0.1-cp313-cp313-musllinux_1_2_ppc64le.whl", hash = "sha256:dd525b897132493aa65eecd3c5ddc3602e25c625caafbcc958fc87a74a24a1c1", size = 188278, upload-time = "2026-04-18T22:45:06.019Z" },
    { url = "https://files.pythonhosted.org/packages/17/b4/594be43d55ea5100334bc60013c3b310ecde4135b8288dd8183d21881966/simplejson-4.0.1-cp313-cp313-musllinux_1_2_x86_64.whl", hash = "sha256:072a481be83b8c3f9167d0463105e0ddfcf2e00a6289c2ad650c3b35920ce0c8", size = 183928, upload-time = "2026-04-18T22:45:07.298Z" },
    { url = "https://files.pythonhosted.org/packages/0d/26/8c09ba0fcf0b8c284a4f0f57605890c443b59cec070c6918baa7600976d9/simplejson-4.0.1-cp313-cp313-win32.whl", hash = "sha256:91eb4b42ab0a2de89919ed3bfa960fca0b13af0816447c89123c6658c36fb0a1", size = 88305, upload-time = "2026-04-18T22:45:08.603Z" },
    { url = "https://files.pythonhosted.org/packages/4a/18/996ef6a0bd5b02bb9880901df01621b6c6de599360454a2ee2d06985076f/simplejson-4.0.1-cp313-cp313-win_amd64.whl", hash = "sha256:8d2dc202a5e9d07e893c0bc1aa12b88bff98332c52b3ae184defe054d0e2ff35", size = 90273, upload-time = "2026-04-18T22:45:09.774Z" },
    { url = "https://files.pythonhosted.org/packages/c8/84/103fbe8f7d1221737fc26b8932804a4f9393ab8e83633ed244a3b75c2617/simplejson-4.0.1-cp314-cp314-macosx_10_15_universal2.whl", hash = "sha256:77af5d5f5fecd749786a38e6bd0e4bdd97f37e321ee6008a130dfe0aef7ec4e4", size = 108191, upload-time = "2026-04-18T22:45:11.007Z" },
    { url = "https://files.pythonhosted.org/packages/3d/ca/123e47cabb2307ad8959f3b3b6b181e96e83e261dc6033fb5b068cfea78f/simplejson-4.0.1-cp314-cp314-macosx_10_15_x86_64.whl", hash = "sha256:bb48e3e3f7a97780971d1649989b63c576f86ce91a59cc3400d80cd7964f1044", size = 88863, upload-time = "2026-04-18T22:45:12.407Z" },
    { url = "https://files.pythonhosted.org/packages/42/a2/9d56e5a028ff4d666f25609f42f2c88cbd155d5fb30b124fcb7cf6081b88/simplejson-4.0.1-cp314-cp314-macosx_11_0_arm64.whl", hash = "sha256:5738da4af10c92631e89421d4665f0e92119b63b62085d8eb2d51304bc4273ee", size = 89106, upload-time = "2026-04-18T22:45:13.933Z" },
    { url = "https://files.pythonhosted.org/packages/56/1b/9eb1901514f48cf8944fe7af8432f522aa1c80dd3a00eddfedefa62066bc/simplejson-4.0.1-cp314-cp314-manylinux1_x86_64.manylinux_2_28_x86_64.manylinux_2_5_x86_64.whl", hash = "sha256:4d02c0fb43f2f0f20de94043235fa433e1cae63c39e2f4af0f9d21882a8479be", size = 178099, upload-time = "2026-04-18T22:45:15.156Z" },
    { url = "https://files.pythonhosted.org/packages/25/19/5437e74f888f76a0c765e61057396a0932bfab104974d81752e63a5c6dd2/simplejson-4.0.1-cp314-cp314-manylinux2014_aarch64.manylinux_2_17_aarch64.manylinux_2_28_aarch64.whl", hash = "sha256:851cfde1b505289d8c60cc6057770fe0f0dd675065fdc0b8e916463dca3a9d63", size = 175091, upload-time = "2026-04-18T22:45:16.43Z" },
    { url = "https://files.pythonhosted.org/packages/02/ab/451bae4c4baf663349437ba5790f489a3956dd0b3d8ddcf25b087ea743f1/simplejson-4.0.1-cp314-cp314-manylinux2014_ppc64le.manylinux_2_17_ppc64le.manylinux_2_28_ppc64le.whl", hash = "sha256:8953fee0520010baae040cf8a5316f5b75794d6bd79364be3deb365821ff2cb0", size = 183411, upload-time = "2026-04-18T22:45:17.746Z" },
    { url = "https://files.pythonhosted.org/packages/c4/38/90c48b57694bc14dab99a77508b037597c44929323d7dc4764b2889b41a6/simplejson-4.0.1-cp314-cp314-musllinux_1_2_aarch64.whl", hash = "sha256:aa3595f335868a3a421e089146fe53b0df19d9f7198748ce698d8d409c3c0786", size = 172859, upload-time = "2026-04-18T22:45:19.064Z" },
    { url = "https://files.pythonhosted.org/packages/98/ff/a7ba77ba7375aef15617c41383e6a301c3c8e3f789f0356037c149ffd9e7/simplejson-4.0.1-cp314-cp314-musllinux_1_2_ppc64le.whl", hash = "sha256:c7962187dcb27c9abe3a5e04969b005f963d6f9bc05f77641126e4ee99aa6a5f", size = 180548, upload-time = "2026-04-18T22:45:20.75Z" },
    { url = "https://files.pythonhosted.org/packages/36/5d/748bed0e129846f727d37ac5739c562e1aa8aef4ba864e3bdf59eba530d0/simplejson-4.0.1-cp314-cp314-musllinux_1_2_x86_64.whl", hash = "sha256:f64c2bffa2a4438c9b45aef53743271fcac4836dd6d15646b6865fd3c49dd2b0", size = 176480, upload-time = "2026-04-18T22:45:22.4Z" },
    { url = "https://files.pythonhosted.org/packages/63/98/783ed8ddd0962e6e36c45dbc331fd35f42aa904829ba3757c1a3eee15b78/simplejson-4.0.1-cp314-cp314-win32.whl", hash = "sha256:cad8fe5e92def6080a31315b74947d956220cc6e7726878de797d233e1884bf6", size = 88023, upload-time = "2026-04-18T22:45:24.025Z" },
    { url = "https://files.pythonhosted.org/packages/9b/90/678107cf70a5709066f0a3859e2d56018da9eef1cf97ae478c9a7435294b/simplejson-4.0.1-cp314-cp314-win_amd64.whl", hash = "sha256:9ae4bc39e64d24642c6e2f97a0d7f3c3f2262876e4d45fef439e0910b0b7433a", size = 90156, upload-time = "2026-04-18T22:45:25.239Z" },
    { url = "https://files.pythonhosted.org/packages/cb/76/709e8f60385b2c4cb26ad291302594d4711562c8005eb8e36e74080e47be/simplejson-4.0.1-cp314-cp314t-macosx_10_15_universal2.whl", hash = "sha256:4dab04afe06dc2e83dce044cf53374d37019a5be14f815cb583456b02bcba46b", size = 111994, upload-time = "2026-04-18T22:45:26.479Z" },
    { url = "https://files.pythonhosted.org/packages/3c/18/87698fd8c4e286b1f7154d7a5076f5e97fdc7582484ffcc199afb5ea62b1/simplejson-4.0.1-cp314-cp314t-macosx_10_15_x86_64.whl", hash = "sha256:b6e744eacf669056ab19992f694e48149cccae9538e9014a4778749feae9978b", size = 90761, upload-time = "2026-04-18T22:45:28.099Z" },
    { url = "https://files.pythonhosted.org/packages/b3/a4/e14d784ddddefc039d651f932a1a43efe4814726de652a3f6cd569fbf0e2/simplejson-4.0.1-cp314-cp314t-macosx_11_0_arm64.whl", hash = "sha256:4166f23ace9b0cf28be7ed0f147c900baf4e579a57fe926ba54078b244eb2e7f", size = 91070, upload-time = "2026-04-18T22:45:29.953Z" },
    { url = "https://files.pythonhosted.org/packages/9b/93/ba9ab9bd5aad9df588b39163e6e381d6a5e4d51b6f70320d81a84316690a/simplejson-4.0.1-cp314-cp314t-manylinux1_x86_64.manylinux_2_28_x86_64.manylinux_2_5_x86_64.whl", hash = "sha256:5425cdfc980972688f08f332ed1d480874b5114855e49a9a6607e220c494c1e6", size = 208225, upload-time = "2026-04-18T22:45:31.183Z" },
    { url = "https://files.pythonhosted.org/packages/72/91/abb6e9caf7f08d392f5c50e14f3a411b3e85597b59851bb8ca09829a7466/simplejson-4.0.1-cp314-cp314t-manylinux2014_aarch64.manylinux_2_17_aarch64.manylinux_2_28_aarch64.whl", hash = "sha256:7584d53ed708ad17984a591a542861e0712da285577cfbbcd82c956eb6b12233", size = 207827, upload-time = "2026-04-18T22:45:32.828Z" },
    { url = "https://files.pythonhosted.org/packages/a6/c6/bfdb1be8ef2d7db768237f97a7e420fe34146692ebfbc2ffd719c528ffb8/simplejson-4.0.1-cp314-cp314t-manylinux2014_ppc64le.manylinux_2_17_ppc64le.manylinux_2_28_ppc64le.whl", hash = "sha256:0d98b8fdd7df1cec61de1f63ae7f111d761e2a3208049b5d24358aa29dc3044f", size = 213386, upload-time = "2026-04-18T22:45:34.178Z" },
    { url = "https://files.pythonhosted.org/packages/92/87/0b81b072d1fe185c4723ff1c76096e73b6e0019791804aad5f4946724620/simplejson-4.0.1-cp314-cp314t-musllinux_1_2_aarch64.whl", hash = "sha256:9f8d949c5d34afb3bf81d71879a288526f85cd31277f4a321e4b643f0c4f367d", size = 204013, upload-time = "2026-04-18T22:45:35.674Z" },
    { url = "https://files.pythonhosted.org/packages/72/b2/b396ee3ded3fe2a0609b89b922b09ba9134c8da539c267bb2b356f3471a8/simplejson-4.0.1-cp314-cp314t-musllinux_1_2_ppc64le.whl", hash = "sha256:5ecc0ad5fdd14109f563510e448a2f937c1d8816e91b33ab5549408e72dda884", size = 209274, upload-time = "2026-04-18T22:45:37.301Z" },
    { url = "https://files.pythonhosted.org/packages/a5/27/22ef6035399b7c09e07cc7373d3c54a5261fb55554b7efbd0bc9aa360f29/simplejson-4.0.1-cp314-cp314t-musllinux_1_2_x86_64.whl", hash = "sha256:54342df0f6a273436e6869ac372a077161877c826ddc66b861f31a59fabe2b98", size = 204866, upload-time = "2026-04-18T22:45:38.671Z" },
    { url = "https://files.pythonhosted.org/packages/0b/a0/fc26e8d67c2cf9bf4742f1d81c2d15067731be2f60972ad0b780d70e7460/simplejson-4.0.1-cp314-cp314t-win32.whl", hash = "sha256:3e49d709a121d47acaf6932803407b6feee5d5fac5c7f2a370d7ba5b6fedaea3", size = 90571, upload-time = "2026-04-18T22:45:40.401Z" },
    { url = "https://files.pythonhosted.org/packages/3d/6b/1858670f2b22fcdb26efe9255d9354377d3259e08ed26d0652c7a4bd5aa3/simplejson-4.0.1-cp314-cp314t-win_amd64.whl", hash = "sha256:d8c702e19fd99fd75f3371de70b5489dc9f659cd69ada0c72a2f6dce76bd624c", size = 93474, upload-time = "2026-04-18T22:45:41.552Z" },
    { url = "https://files.pythonhosted.org/packages/a9/2d/93a5b862ac29f182a658eb3fc2c98fe28acbb5c05a9076402572c7eb6966/simplejson-4.0.1-py3-none-any.whl", hash = "sha256:dfa6e9923c0ec2880738d09e5ce045741eb6cd4551e261dcd6c3625d26666075", size = 69242, upload-time = "2026-04-18T22:46:16.183Z" },
]
